
Microsoft Visual Studio Solution File, Format Version 12.00
# Visual Studio 15
Project("{FAE04EC0-301F-11D3-BF4B-00C04F79EFBC}") = "UnityEngine.UI", "UnityEngine.UI.csproj", "{E5993C07-FB76-F1C3-88C3-256094839B5D}"
EndProject
Project("{FAE04EC0-301F-11D3-BF4B-00C04F79EFBC}") = "UnityEngine.TestRunner", "UnityEngine.TestRunner.csproj", "{428CF4FD-273B-EA40-14FE-F6F2BF4D10EE}"
EndProject
Project("{FAE04EC0-301F-11D3-BF4B-00C04F79EFBC}") = "Unity.Timeline", "Unity.Timeline.csproj", "{7EF4391F-E43B-D5E4-47A9-705535698494}"
EndProject
Project("{FAE04EC0-301F-11D3-BF4B-00C04F79EFBC}") = "Unity.TextMeshPro", "Unity.TextMeshPro.csproj", "{0B44842C-9199-36A2-9487-74E3BF4C9E65}"
EndProject
Project("{FAE04EC0-301F-11D3-BF4B-00C04F79EFBC}") = "Assembly-CSharp", "Assembly-CSharp.csproj", "{E35E75D1-07F7-BF40-B570-FC4FBA7FFA16}"
EndProject
Project("{FAE04EC0-301F-11D3-BF4B-00C04F79EFBC}") = "Unity.Mathematics", "Unity.Mathematics.csproj", "{F92D1733-8639-6113-436A-9AF7B9C62F7D}"
EndProject
Project("{FAE04EC0-301F-11D3-BF4B-00C04F79EFBC}") = "Unity.2D.IK.Runtime", "Unity.2D.IK.Runtime.csproj", "{C20A9654-F665-88D1-32C8-967B0EA0C52B}"
EndProject
Project("{FAE04EC0-301F-11D3-BF4B-00C04F79EFBC}") = "Unity.2D.Animation.Runtime", "Unity.2D.Animation.Runtime.csproj", "{C2E5B2FB-0804-A765-B3B4-A239461848DB}"
EndProject
Project("{FAE04EC0-301F-11D3-BF4B-00C04F79EFBC}") = "Unity.2D.Common.Runtime", "Unity.2D.Common.Runtime.csproj", "{FD38D963-78C3-B25C-C777-7D05F9A3B905}"
EndProject
Project("{FAE04EC0-301F-11D3-BF4B-00C04F79EFBC}") = "Unity.InternalAPIEngineBridge.001", "Unity.InternalAPIEngineBridge.001.csproj", "{6A771032-C842-A061-0B84-51BB0C3267F6}"
EndProject
Project("{FAE04EC0-301F-11D3-BF4B-00C04F79EFBC}") = "Assembly-CSharp-firstpass", "Assembly-CSharp-firstpass.csproj", "{CBBA0952-06F3-0080-FC52-3BF146B60B2A}"
EndProject
Project("{FAE04EC0-301F-11D3-BF4B-00C04F79EFBC}") = "Unity.Timeline.Editor", "Unity.Timeline.Editor.csproj", "{339A9599-5488-5D10-D3DB-3240D0E2A51E}"
EndProject
Project("{FAE04EC0-301F-11D3-BF4B-00C04F79EFBC}") = "Unity.PlasticSCM.Editor", "Unity.PlasticSCM.Editor.csproj", "{9D64B537-52C3-1CAE-3D31-D8CA20A46996}"
EndProject
Project("{FAE04EC0-301F-11D3-BF4B-00C04F79EFBC}") = "UnityEditor.TestRunner", "UnityEditor.TestRunner.csproj", "{5EB78994-2B28-478F-D141-D8D9BF7A806D}"
EndProject
Project("{FAE04EC0-301F-11D3-BF4B-00C04F79EFBC}") = "UnityEditor.UI", "UnityEditor.UI.csproj", "{04282D09-92B6-0046-4CEF-6D1EF69AA648}"
EndProject
Project("{FAE04EC0-301F-11D3-BF4B-00C04F79EFBC}") = "Unity.VisualStudio.Editor", "Unity.VisualStudio.Editor.csproj", "{0022D1AE-AE2A-DA06-A978-0B860B49E40D}"
EndProject
Project("{FAE04EC0-301F-11D3-BF4B-00C04F79EFBC}") = "Unity.TextMeshPro.Editor", "Unity.TextMeshPro.Editor.csproj", "{3769BAEE-0C78-91BD-0911-497EC3C894E2}"
EndProject
Project("{FAE04EC0-301F-11D3-BF4B-00C04F79EFBC}") = "Unity.VSCode.Editor", "Unity.VSCode.Editor.csproj", "{D4037D6B-E8A9-B604-5A79-B9430CB0D3B9}"
EndProject
Project("{FAE04EC0-301F-11D3-BF4B-00C04F79EFBC}") = "Unity.Rider.Editor", "Unity.Rider.Editor.csproj", "{5D99EEC6-9566-DB4C-2461-2FB84EE6D94A}"
EndProject
Project("{FAE04EC0-301F-11D3-BF4B-00C04F79EFBC}") = "Unity.SysrootPackage.Editor", "Unity.SysrootPackage.Editor.csproj", "{381A27A1-30AD-5616-3AC6-E5C8AB8E19AB}"
EndProject
Project("{FAE04EC0-301F-11D3-BF4B-00C04F79EFBC}") = "Unity.Toolchain.Win-x86_64-Linux-x86_64", "Unity.Toolchain.Win-x86_64-Linux-x86_64.csproj", "{D0545147-6018-7594-C3EB-47187F635440}"
EndProject
Project("{FAE04EC0-301F-11D3-BF4B-00C04F79EFBC}") = "Unity.Sysroot.Linux_x86_64", "Unity.Sysroot.Linux_x86_64.csproj", "{08492820-1B8C-84F8-219B-4F029689BB37}"
EndProject
Project("{FAE04EC0-301F-11D3-BF4B-00C04F79EFBC}") = "Unity.CollabProxy.Editor", "Unity.CollabProxy.Editor.csproj", "{DC38DD99-1C77-BE81-497B-55E7F5939BEB}"
EndProject
Project("{FAE04EC0-301F-11D3-BF4B-00C04F79EFBC}") = "Unity.2D.Animation.Editor", "Unity.2D.Animation.Editor.csproj", "{310FA471-1348-128A-E6BB-51115FE635E0}"
EndProject
Project("{FAE04EC0-301F-11D3-BF4B-00C04F79EFBC}") = "Unity.2D.Animation.Triangle.Editor", "Unity.2D.Animation.Triangle.Editor.csproj", "{4DD6A954-5992-3034-514C-51F1950A6C5B}"
EndProject
Project("{FAE04EC0-301F-11D3-BF4B-00C04F79EFBC}") = "Unity.2D.IK.Editor", "Unity.2D.IK.Editor.csproj", "{AA84B4CF-F7BD-1435-70B7-A14D17FD1FAE}"
EndProject
Project("{FAE04EC0-301F-11D3-BF4B-00C04F79EFBC}") = "Unity.2D.Sprite.Editor", "Unity.2D.Sprite.Editor.csproj", "{0A2EFAB1-25E3-8076-C53A-EB1546AC20EB}"
EndProject
Project("{FAE04EC0-301F-11D3-BF4B-00C04F79EFBC}") = "Unity.InternalAPIEditorBridge.001", "Unity.InternalAPIEditorBridge.001.csproj", "{D0A61381-8691-3312-D684-DB9FCF4C4D59}"
EndProject
Project("{FAE04EC0-301F-11D3-BF4B-00C04F79EFBC}") = "Unity.2D.Common.Editor", "Unity.2D.Common.Editor.csproj", "{7F3177F9-732F-6D7C-F171-37AFF76A139E}"
EndProject
Project("{FAE04EC0-301F-11D3-BF4B-00C04F79EFBC}") = "Unity.Mathematics.Editor", "Unity.Mathematics.Editor.csproj", "{8F607CA5-04E8-AB48-0C6B-C895DCD5B183}"
EndProject
Project("{FAE04EC0-301F-11D3-BF4B-00C04F79EFBC}") = "PsdPlugin", "PsdPlugin.csproj", "{121A4A47-2E03-29B6-0863-445789A14079}"
EndProject
Project("{FAE04EC0-301F-11D3-BF4B-00C04F79EFBC}") = "Unity.2D.Psdimporter.Editor", "Unity.2D.Psdimporter.Editor.csproj", "{2287C7E5-6E10-E83C-3334-7446FC6813DF}"
EndProject
Project("{FAE04EC0-301F-11D3-BF4B-00C04F79EFBC}") = "UnityEngine.UI", "UnityEngine.UI.Player.csproj", "{A47AB744-9664-47AB-640D-7E4C944228C2}"
EndProject
Project("{FAE04EC0-301F-11D3-BF4B-00C04F79EFBC}") = "UnityEngine.TestRunner", "UnityEngine.TestRunner.Player.csproj", "{3A02F1F4-7906-19D0-AE9F-7591F9902897}"
EndProject
Project("{FAE04EC0-301F-11D3-BF4B-00C04F79EFBC}") = "Unity.Timeline", "Unity.Timeline.Player.csproj", "{3F86E6C5-04DA-DF05-0C2D-2F51335733D0}"
EndProject
Project("{FAE04EC0-301F-11D3-BF4B-00C04F79EFBC}") = "Unity.TextMeshPro", "Unity.TextMeshPro.Player.csproj", "{3C8C1CC9-470D-3222-CBA2-E560661A231D}"
EndProject
Project("{FAE04EC0-301F-11D3-BF4B-00C04F79EFBC}") = "Assembly-CSharp", "Assembly-CSharp.Player.csproj", "{7BB487AA-369A-1FCB-708A-E913F8485352}"
EndProject
Project("{FAE04EC0-301F-11D3-BF4B-00C04F79EFBC}") = "Unity.Mathematics", "Unity.Mathematics.Player.csproj", "{054F9FEA-D163-6822-C873-6EB0FFFDB1F1}"
EndProject
Project("{FAE04EC0-301F-11D3-BF4B-00C04F79EFBC}") = "Unity.2D.IK.Runtime", "Unity.2D.IK.Runtime.Player.csproj", "{C1650262-8D8D-6E3D-A7D9-427C6268F20E}"
EndProject
Project("{FAE04EC0-301F-11D3-BF4B-00C04F79EFBC}") = "Unity.2D.Animation.Runtime", "Unity.2D.Animation.Runtime.Player.csproj", "{217A3553-6BFB-D301-1841-7867BE994AF4}"
EndProject
Project("{FAE04EC0-301F-11D3-BF4B-00C04F79EFBC}") = "Unity.2D.Common.Runtime", "Unity.2D.Common.Runtime.Player.csproj", "{FD92213D-C048-EFB6-DD44-73E438E91096}"
EndProject
Project("{FAE04EC0-301F-11D3-BF4B-00C04F79EFBC}") = "Unity.InternalAPIEngineBridge.001", "Unity.InternalAPIEngineBridge.001.Player.csproj", "{D30010DD-C52F-71F4-4A8C-14156FA407DA}"
EndProject
Project("{FAE04EC0-301F-11D3-BF4B-00C04F79EFBC}") = "Assembly-CSharp-firstpass", "Assembly-CSharp-firstpass.Player.csproj", "{C08A7365-8B2D-F47D-C16C-3B3C35459CEC}"
EndProject
Global
	GlobalSection(SolutionConfigurationPlatforms) = preSolution
		Debug|Any CPU = Debug|Any CPU
		Release|Any CPU = Release|Any CPU
	EndGlobalSection
	GlobalSection(ProjectConfigurationPlatforms) = postSolution
		{E5993C07-FB76-F1C3-88C3-256094839B5D}.Debug|Any CPU.ActiveCfg = Debug|Any CPU
		{E5993C07-FB76-F1C3-88C3-256094839B5D}.Debug|Any CPU.Build.0 = Debug|Any CPU
		{E5993C07-FB76-F1C3-88C3-256094839B5D}.Release|Any CPU.ActiveCfg = Release|Any CPU
		{E5993C07-FB76-F1C3-88C3-256094839B5D}.Release|Any CPU.Build.0 = Release|Any CPU
		{428CF4FD-273B-EA40-14FE-F6F2BF4D10EE}.Debug|Any CPU.ActiveCfg = Debug|Any CPU
		{428CF4FD-273B-EA40-14FE-F6F2BF4D10EE}.Debug|Any CPU.Build.0 = Debug|Any CPU
		{428CF4FD-273B-EA40-14FE-F6F2BF4D10EE}.Release|Any CPU.ActiveCfg = Release|Any CPU
		{428CF4FD-273B-EA40-14FE-F6F2BF4D10EE}.Release|Any CPU.Build.0 = Release|Any CPU
		{7EF4391F-E43B-D5E4-47A9-705535698494}.Debug|Any CPU.ActiveCfg = Debug|Any CPU
		{7EF4391F-E43B-D5E4-47A9-705535698494}.Debug|Any CPU.Build.0 = Debug|Any CPU
		{7EF4391F-E43B-D5E4-47A9-705535698494}.Release|Any CPU.ActiveCfg = Release|Any CPU
		{7EF4391F-E43B-D5E4-47A9-705535698494}.Release|Any CPU.Build.0 = Release|Any CPU
		{0B44842C-9199-36A2-9487-74E3BF4C9E65}.Debug|Any CPU.ActiveCfg = Debug|Any CPU
		{0B44842C-9199-36A2-9487-74E3BF4C9E65}.Debug|Any CPU.Build.0 = Debug|Any CPU
		{0B44842C-9199-36A2-9487-74E3BF4C9E65}.Release|Any CPU.ActiveCfg = Release|Any CPU
		{0B44842C-9199-36A2-9487-74E3BF4C9E65}.Release|Any CPU.Build.0 = Release|Any CPU
		{E35E75D1-07F7-BF40-B570-FC4FBA7FFA16}.Debug|Any CPU.ActiveCfg = Debug|Any CPU
		{E35E75D1-07F7-BF40-B570-FC4FBA7FFA16}.Debug|Any CPU.Build.0 = Debug|Any CPU
		{E35E75D1-07F7-BF40-B570-FC4FBA7FFA16}.Release|Any CPU.ActiveCfg = Release|Any CPU
		{E35E75D1-07F7-BF40-B570-FC4FBA7FFA16}.Release|Any CPU.Build.0 = Release|Any CPU
		{F92D1733-8639-6113-436A-9AF7B9C62F7D}.Debug|Any CPU.ActiveCfg = Debug|Any CPU
		{F92D1733-8639-6113-436A-9AF7B9C62F7D}.Debug|Any CPU.Build.0 = Debug|Any CPU
		{F92D1733-8639-6113-436A-9AF7B9C62F7D}.Release|Any CPU.ActiveCfg = Release|Any CPU
		{F92D1733-8639-6113-436A-9AF7B9C62F7D}.Release|Any CPU.Build.0 = Release|Any CPU
		{C20A9654-F665-88D1-32C8-967B0EA0C52B}.Debug|Any CPU.ActiveCfg = Debug|Any CPU
		{C20A9654-F665-88D1-32C8-967B0EA0C52B}.Debug|Any CPU.Build.0 = Debug|Any CPU
		{C20A9654-F665-88D1-32C8-967B0EA0C52B}.Release|Any CPU.ActiveCfg = Release|Any CPU
		{C20A9654-F665-88D1-32C8-967B0EA0C52B}.Release|Any CPU.Build.0 = Release|Any CPU
		{C2E5B2FB-0804-A765-B3B4-A239461848DB}.Debug|Any CPU.ActiveCfg = Debug|Any CPU
		{C2E5B2FB-0804-A765-B3B4-A239461848DB}.Debug|Any CPU.Build.0 = Debug|Any CPU
		{C2E5B2FB-0804-A765-B3B4-A239461848DB}.Release|Any CPU.ActiveCfg = Release|Any CPU
		{C2E5B2FB-0804-A765-B3B4-A239461848DB}.Release|Any CPU.Build.0 = Release|Any CPU
		{FD38D963-78C3-B25C-C777-7D05F9A3B905}.Debug|Any CPU.ActiveCfg = Debug|Any CPU
		{FD38D963-78C3-B25C-C777-7D05F9A3B905}.Debug|Any CPU.Build.0 = Debug|Any CPU
		{FD38D963-78C3-B25C-C777-7D05F9A3B905}.Release|Any CPU.ActiveCfg = Release|Any CPU
		{FD38D963-78C3-B25C-C777-7D05F9A3B905}.Release|Any CPU.Build.0 = Release|Any CPU
		{6A771032-C842-A061-0B84-51BB0C3267F6}.Debug|Any CPU.ActiveCfg = Debug|Any CPU
		{6A771032-C842-A061-0B84-51BB0C3267F6}.Debug|Any CPU.Build.0 = Debug|Any CPU
		{6A771032-C842-A061-0B84-51BB0C3267F6}.Release|Any CPU.ActiveCfg = Release|Any CPU
		{6A771032-C842-A061-0B84-51BB0C3267F6}.Release|Any CPU.Build.0 = Release|Any CPU
		{CBBA0952-06F3-0080-FC52-3BF146B60B2A}.Debug|Any CPU.ActiveCfg = Debug|Any CPU
		{CBBA0952-06F3-0080-FC52-3BF146B60B2A}.Debug|Any CPU.Build.0 = Debug|Any CPU
		{CBBA0952-06F3-0080-FC52-3BF146B60B2A}.Release|Any CPU.ActiveCfg = Release|Any CPU
		{CBBA0952-06F3-0080-FC52-3BF146B60B2A}.Release|Any CPU.Build.0 = Release|Any CPU
		{339A9599-5488-5D10-D3DB-3240D0E2A51E}.Debug|Any CPU.ActiveCfg = Debug|Any CPU
		{339A9599-5488-5D10-D3DB-3240D0E2A51E}.Debug|Any CPU.Build.0 = Debug|Any CPU
		{339A9599-5488-5D10-D3DB-3240D0E2A51E}.Release|Any CPU.ActiveCfg = Release|Any CPU
		{339A9599-5488-5D10-D3DB-3240D0E2A51E}.Release|Any CPU.Build.0 = Release|Any CPU
		{9D64B537-52C3-1CAE-3D31-D8CA20A46996}.Debug|Any CPU.ActiveCfg = Debug|Any CPU
		{9D64B537-52C3-1CAE-3D31-D8CA20A46996}.Debug|Any CPU.Build.0 = Debug|Any CPU
		{9D64B537-52C3-1CAE-3D31-D8CA20A46996}.Release|Any CPU.ActiveCfg = Release|Any CPU
		{9D64B537-52C3-1CAE-3D31-D8CA20A46996}.Release|Any CPU.Build.0 = Release|Any CPU
		{5EB78994-2B28-478F-D141-D8D9BF7A806D}.Debug|Any CPU.ActiveCfg = Debug|Any CPU
		{5EB78994-2B28-478F-D141-D8D9BF7A806D}.Debug|Any CPU.Build.0 = Debug|Any CPU
		{5EB78994-2B28-478F-D141-D8D9BF7A806D}.Release|Any CPU.ActiveCfg = Release|Any CPU
		{5EB78994-2B28-478F-D141-D8D9BF7A806D}.Release|Any CPU.Build.0 = Release|Any CPU
		{04282D09-92B6-0046-4CEF-6D1EF69AA648}.Debug|Any CPU.ActiveCfg = Debug|Any CPU
		{04282D09-92B6-0046-4CEF-6D1EF69AA648}.Debug|Any CPU.Build.0 = Debug|Any CPU
		{04282D09-92B6-0046-4CEF-6D1EF69AA648}.Release|Any CPU.ActiveCfg = Release|Any CPU
		{04282D09-92B6-0046-4CEF-6D1EF69AA648}.Release|Any CPU.Build.0 = Release|Any CPU
		{0022D1AE-AE2A-DA06-A978-0B860B49E40D}.Debug|Any CPU.ActiveCfg = Debug|Any CPU
		{0022D1AE-AE2A-DA06-A978-0B860B49E40D}.Debug|Any CPU.Build.0 = Debug|Any CPU
		{0022D1AE-AE2A-DA06-A978-0B860B49E40D}.Release|Any CPU.ActiveCfg = Release|Any CPU
		{0022D1AE-AE2A-DA06-A978-0B860B49E40D}.Release|Any CPU.Build.0 = Release|Any CPU
		{3769BAEE-0C78-91BD-0911-497EC3C894E2}.Debug|Any CPU.ActiveCfg = Debug|Any CPU
		{3769BAEE-0C78-91BD-0911-497EC3C894E2}.Debug|Any CPU.Build.0 = Debug|Any CPU
		{3769BAEE-0C78-91BD-0911-497EC3C894E2}.Release|Any CPU.ActiveCfg = Release|Any CPU
		{3769BAEE-0C78-91BD-0911-497EC3C894E2}.Release|Any CPU.Build.0 = Release|Any CPU
		{D4037D6B-E8A9-B604-5A79-B9430CB0D3B9}.Debug|Any CPU.ActiveCfg = Debug|Any CPU
		{D4037D6B-E8A9-B604-5A79-B9430CB0D3B9}.Debug|Any CPU.Build.0 = Debug|Any CPU
		{D4037D6B-E8A9-B604-5A79-B9430CB0D3B9}.Release|Any CPU.ActiveCfg = Release|Any CPU
		{D4037D6B-E8A9-B604-5A79-B9430CB0D3B9}.Release|Any CPU.Build.0 = Release|Any CPU
		{5D99EEC6-9566-DB4C-2461-2FB84EE6D94A}.Debug|Any CPU.ActiveCfg = Debug|Any CPU
		{5D99EEC6-9566-DB4C-2461-2FB84EE6D94A}.Debug|Any CPU.Build.0 = Debug|Any CPU
		{5D99EEC6-9566-DB4C-2461-2FB84EE6D94A}.Release|Any CPU.ActiveCfg = Release|Any CPU
		{5D99EEC6-9566-DB4C-2461-2FB84EE6D94A}.Release|Any CPU.Build.0 = Release|Any CPU
		{381A27A1-30AD-5616-3AC6-E5C8AB8E19AB}.Debug|Any CPU.ActiveCfg = Debug|Any CPU
		{381A27A1-30AD-5616-3AC6-E5C8AB8E19AB}.Debug|Any CPU.Build.0 = Debug|Any CPU
		{381A27A1-30AD-5616-3AC6-E5C8AB8E19AB}.Release|Any CPU.ActiveCfg = Release|Any CPU
		{381A27A1-30AD-5616-3AC6-E5C8AB8E19AB}.Release|Any CPU.Build.0 = Release|Any CPU
		{D0545147-6018-7594-C3EB-47187F635440}.Debug|Any CPU.ActiveCfg = Debug|Any CPU
		{D0545147-6018-7594-C3EB-47187F635440}.Debug|Any CPU.Build.0 = Debug|Any CPU
		{D0545147-6018-7594-C3EB-47187F635440}.Release|Any CPU.ActiveCfg = Release|Any CPU
		{D0545147-6018-7594-C3EB-47187F635440}.Release|Any CPU.Build.0 = Release|Any CPU
		{08492820-1B8C-84F8-219B-4F029689BB37}.Debug|Any CPU.ActiveCfg = Debug|Any CPU
		{08492820-1B8C-84F8-219B-4F029689BB37}.Debug|Any CPU.Build.0 = Debug|Any CPU
		{08492820-1B8C-84F8-219B-4F029689BB37}.Release|Any CPU.ActiveCfg = Release|Any CPU
		{08492820-1B8C-84F8-219B-4F029689BB37}.Release|Any CPU.Build.0 = Release|Any CPU
		{DC38DD99-1C77-BE81-497B-55E7F5939BEB}.Debug|Any CPU.ActiveCfg = Debug|Any CPU
		{DC38DD99-1C77-BE81-497B-55E7F5939BEB}.Debug|Any CPU.Build.0 = Debug|Any CPU
		{DC38DD99-1C77-BE81-497B-55E7F5939BEB}.Release|Any CPU.ActiveCfg = Release|Any CPU
		{DC38DD99-1C77-BE81-497B-55E7F5939BEB}.Release|Any CPU.Build.0 = Release|Any CPU
		{310FA471-1348-128A-E6BB-51115FE635E0}.Debug|Any CPU.ActiveCfg = Debug|Any CPU
		{310FA471-1348-128A-E6BB-51115FE635E0}.Debug|Any CPU.Build.0 = Debug|Any CPU
		{310FA471-1348-128A-E6BB-51115FE635E0}.Release|Any CPU.ActiveCfg = Release|Any CPU
		{310FA471-1348-128A-E6BB-51115FE635E0}.Release|Any CPU.Build.0 = Release|Any CPU
		{4DD6A954-5992-3034-514C-51F1950A6C5B}.Debug|Any CPU.ActiveCfg = Debug|Any CPU
		{4DD6A954-5992-3034-514C-51F1950A6C5B}.Debug|Any CPU.Build.0 = Debug|Any CPU
		{4DD6A954-5992-3034-514C-51F1950A6C5B}.Release|Any CPU.ActiveCfg = Release|Any CPU
		{4DD6A954-5992-3034-514C-51F1950A6C5B}.Release|Any CPU.Build.0 = Release|Any CPU
		{AA84B4CF-F7BD-1435-70B7-A14D17FD1FAE}.Debug|Any CPU.ActiveCfg = Debug|Any CPU
		{AA84B4CF-F7BD-1435-70B7-A14D17FD1FAE}.Debug|Any CPU.Build.0 = Debug|Any CPU
		{AA84B4CF-F7BD-1435-70B7-A14D17FD1FAE}.Release|Any CPU.ActiveCfg = Release|Any CPU
		{AA84B4CF-F7BD-1435-70B7-A14D17FD1FAE}.Release|Any CPU.Build.0 = Release|Any CPU
		{0A2EFAB1-25E3-8076-C53A-EB1546AC20EB}.Debug|Any CPU.ActiveCfg = Debug|Any CPU
		{0A2EFAB1-25E3-8076-C53A-EB1546AC20EB}.Debug|Any CPU.Build.0 = Debug|Any CPU
		{0A2EFAB1-25E3-8076-C53A-EB1546AC20EB}.Release|Any CPU.ActiveCfg = Release|Any CPU
		{0A2EFAB1-25E3-8076-C53A-EB1546AC20EB}.Release|Any CPU.Build.0 = Release|Any CPU
		{D0A61381-8691-3312-D684-DB9FCF4C4D59}.Debug|Any CPU.ActiveCfg = Debug|Any CPU
		{D0A61381-8691-3312-D684-DB9FCF4C4D59}.Debug|Any CPU.Build.0 = Debug|Any CPU
		{D0A61381-8691-3312-D684-DB9FCF4C4D59}.Release|Any CPU.ActiveCfg = Release|Any CPU
		{D0A61381-8691-3312-D684-DB9FCF4C4D59}.Release|Any CPU.Build.0 = Release|Any CPU
		{7F3177F9-732F-6D7C-F171-37AFF76A139E}.Debug|Any CPU.ActiveCfg = Debug|Any CPU
		{7F3177F9-732F-6D7C-F171-37AFF76A139E}.Debug|Any CPU.Build.0 = Debug|Any CPU
		{7F3177F9-732F-6D7C-F171-37AFF76A139E}.Release|Any CPU.ActiveCfg = Release|Any CPU
		{7F3177F9-732F-6D7C-F171-37AFF76A139E}.Release|Any CPU.Build.0 = Release|Any CPU
		{8F607CA5-04E8-AB48-0C6B-C895DCD5B183}.Debug|Any CPU.ActiveCfg = Debug|Any CPU
		{8F607CA5-04E8-AB48-0C6B-C895DCD5B183}.Debug|Any CPU.Build.0 = Debug|Any CPU
		{8F607CA5-04E8-AB48-0C6B-C895DCD5B183}.Release|Any CPU.ActiveCfg = Release|Any CPU
		{8F607CA5-04E8-AB48-0C6B-C895DCD5B183}.Release|Any CPU.Build.0 = Release|Any CPU
		{121A4A47-2E03-29B6-0863-445789A14079}.Debug|Any CPU.ActiveCfg = Debug|Any CPU
		{121A4A47-2E03-29B6-0863-445789A14079}.Debug|Any CPU.Build.0 = Debug|Any CPU
		{121A4A47-2E03-29B6-0863-445789A14079}.Release|Any CPU.ActiveCfg = Release|Any CPU
		{121A4A47-2E03-29B6-0863-445789A14079}.Release|Any CPU.Build.0 = Release|Any CPU
		{2287C7E5-6E10-E83C-3334-7446FC6813DF}.Debug|Any CPU.ActiveCfg = Debug|Any CPU
		{2287C7E5-6E10-E83C-3334-7446FC6813DF}.Debug|Any CPU.Build.0 = Debug|Any CPU
		{2287C7E5-6E10-E83C-3334-7446FC6813DF}.Release|Any CPU.ActiveCfg = Release|Any CPU
		{2287C7E5-6E10-E83C-3334-7446FC6813DF}.Release|Any CPU.Build.0 = Release|Any CPU
		{A47AB744-9664-47AB-640D-7E4C944228C2}.Debug|Any CPU.ActiveCfg = Debug|Any CPU
		{A47AB744-9664-47AB-640D-7E4C944228C2}.Debug|Any CPU.Build.0 = Debug|Any CPU
		{A47AB744-9664-47AB-640D-7E4C944228C2}.Release|Any CPU.ActiveCfg = Release|Any CPU
		{A47AB744-9664-47AB-640D-7E4C944228C2}.Release|Any CPU.Build.0 = Release|Any CPU
		{3A02F1F4-7906-19D0-AE9F-7591F9902897}.Debug|Any CPU.ActiveCfg = Debug|Any CPU
		{3A02F1F4-7906-19D0-AE9F-7591F9902897}.Debug|Any CPU.Build.0 = Debug|Any CPU
		{3A02F1F4-7906-19D0-AE9F-7591F9902897}.Release|Any CPU.ActiveCfg = Release|Any CPU
		{3A02F1F4-7906-19D0-AE9F-7591F9902897}.Release|Any CPU.Build.0 = Release|Any CPU
		{3F86E6C5-04DA-DF05-0C2D-2F51335733D0}.Debug|Any CPU.ActiveCfg = Debug|Any CPU
		{3F86E6C5-04DA-DF05-0C2D-2F51335733D0}.Debug|Any CPU.Build.0 = Debug|Any CPU
		{3F86E6C5-04DA-DF05-0C2D-2F51335733D0}.Release|Any CPU.ActiveCfg = Release|Any CPU
		{3F86E6C5-04DA-DF05-0C2D-2F51335733D0}.Release|Any CPU.Build.0 = Release|Any CPU
		{3C8C1CC9-470D-3222-CBA2-E560661A231D}.Debug|Any CPU.ActiveCfg = Debug|Any CPU
		{3C8C1CC9-470D-3222-CBA2-E560661A231D}.Debug|Any CPU.Build.0 = Debug|Any CPU
		{3C8C1CC9-470D-3222-CBA2-E560661A231D}.Release|Any CPU.ActiveCfg = Release|Any CPU
		{3C8C1CC9-470D-3222-CBA2-E560661A231D}.Release|Any CPU.Build.0 = Release|Any CPU
		{7BB487AA-369A-1FCB-708A-E913F8485352}.Debug|Any CPU.ActiveCfg = Debug|Any CPU
		{7BB487AA-369A-1FCB-708A-E913F8485352}.Debug|Any CPU.Build.0 = Debug|Any CPU
		{7BB487AA-369A-1FCB-708A-E913F8485352}.Release|Any CPU.ActiveCfg = Release|Any CPU
		{7BB487AA-369A-1FCB-708A-E913F8485352}.Release|Any CPU.Build.0 = Release|Any CPU
		{054F9FEA-D163-6822-C873-6EB0FFFDB1F1}.Debug|Any CPU.ActiveCfg = Debug|Any CPU
		{054F9FEA-D163-6822-C873-6EB0FFFDB1F1}.Debug|Any CPU.Build.0 = Debug|Any CPU
		{054F9FEA-D163-6822-C873-6EB0FFFDB1F1}.Release|Any CPU.ActiveCfg = Release|Any CPU
		{054F9FEA-D163-6822-C873-6EB0FFFDB1F1}.Release|Any CPU.Build.0 = Release|Any CPU
		{C1650262-8D8D-6E3D-A7D9-427C6268F20E}.Debug|Any CPU.ActiveCfg = Debug|Any CPU
		{C1650262-8D8D-6E3D-A7D9-427C6268F20E}.Debug|Any CPU.Build.0 = Debug|Any CPU
		{C1650262-8D8D-6E3D-A7D9-427C6268F20E}.Release|Any CPU.ActiveCfg = Release|Any CPU
		{C1650262-8D8D-6E3D-A7D9-427C6268F20E}.Release|Any CPU.Build.0 = Release|Any CPU
		{217A3553-6BFB-D301-1841-7867BE994AF4}.Debug|Any CPU.ActiveCfg = Debug|Any CPU
		{217A3553-6BFB-D301-1841-7867BE994AF4}.Debug|Any CPU.Build.0 = Debug|Any CPU
		{217A3553-6BFB-D301-1841-7867BE994AF4}.Release|Any CPU.ActiveCfg = Release|Any CPU
		{217A3553-6BFB-D301-1841-7867BE994AF4}.Release|Any CPU.Build.0 = Release|Any CPU
		{FD92213D-C048-EFB6-DD44-73E438E91096}.Debug|Any CPU.ActiveCfg = Debug|Any CPU
		{FD92213D-C048-EFB6-DD44-73E438E91096}.Debug|Any CPU.Build.0 = Debug|Any CPU
		{FD92213D-C048-EFB6-DD44-73E438E91096}.Release|Any CPU.ActiveCfg = Release|Any CPU
		{FD92213D-C048-EFB6-DD44-73E438E91096}.Release|Any CPU.Build.0 = Release|Any CPU
		{D30010DD-C52F-71F4-4A8C-14156FA407DA}.Debug|Any CPU.ActiveCfg = Debug|Any CPU
		{D30010DD-C52F-71F4-4A8C-14156FA407DA}.Debug|Any CPU.Build.0 = Debug|Any CPU
		{D30010DD-C52F-71F4-4A8C-14156FA407DA}.Release|Any CPU.ActiveCfg = Release|Any CPU
		{D30010DD-C52F-71F4-4A8C-14156FA407DA}.Release|Any CPU.Build.0 = Release|Any CPU
		{C08A7365-8B2D-F47D-C16C-3B3C35459CEC}.Debug|Any CPU.ActiveCfg = Debug|Any CPU
		{C08A7365-8B2D-F47D-C16C-3B3C35459CEC}.Debug|Any CPU.Build.0 = Debug|Any CPU
		{C08A7365-8B2D-F47D-C16C-3B3C35459CEC}.Release|Any CPU.ActiveCfg = Release|Any CPU
		{C08A7365-8B2D-F47D-C16C-3B3C35459CEC}.Release|Any CPU.Build.0 = Release|Any CPU
	EndGlobalSection
	GlobalSection(SolutionProperties) = preSolution
		HideSolutionNode = FALSE
	EndGlobalSection
EndGlobal
