
Microsoft Visual Studio Solution File, Format Version 12.00
# Visual Studio 15
Project("{FAE04EC0-301F-11D3-BF4B-00C04F79EFBC}") = "Assembly-CSharp", "Assembly-CSharp.csproj", "{E35E75D1-07F7-BF40-B570-FC4FBA7FFA16}"
EndProject
Project("{FAE04EC0-301F-11D3-BF4B-00C04F79EFBC}") = "Assembly-CSharp-firstpass", "Assembly-CSharp-firstpass.csproj", "{CBBA0952-06F3-0080-FC52-3BF146B60B2A}"
EndProject
Global
	GlobalSection(SolutionConfigurationPlatforms) = preSolution
		Debug|Any CPU = Debug|Any CPU
		Release|Any CPU = Release|Any CPU
	EndGlobalSection
	GlobalSection(ProjectConfigurationPlatforms) = postSolution
		{E35E75D1-07F7-BF40-B570-FC4FBA7FFA16}.Debug|Any CPU.ActiveCfg = Debug|Any CPU
		{E35E75D1-07F7-BF40-B570-FC4FBA7FFA16}.Debug|Any CPU.Build.0 = Debug|Any CPU
		{E35E75D1-07F7-BF40-B570-FC4FBA7FFA16}.Release|Any CPU.ActiveCfg = Release|Any CPU
		{E35E75D1-07F7-BF40-B570-FC4FBA7FFA16}.Release|Any CPU.Build.0 = Release|Any CPU
		{CBBA0952-06F3-0080-FC52-3BF146B60B2A}.Debug|Any CPU.ActiveCfg = Debug|Any CPU
		{CBBA0952-06F3-0080-FC52-3BF146B60B2A}.Debug|Any CPU.Build.0 = Debug|Any CPU
		{CBBA0952-06F3-0080-FC52-3BF146B60B2A}.Release|Any CPU.ActiveCfg = Release|Any CPU
		{CBBA0952-06F3-0080-FC52-3BF146B60B2A}.Release|Any CPU.Build.0 = Release|Any CPU
	EndGlobalSection
	GlobalSection(SolutionProperties) = preSolution
		HideSolutionNode = FALSE
	EndGlobalSection
EndGlobal
